
Microsoft Visual Studio Solution File, Format Version 12.00
# Visual Studio Version 16
VisualStudioVersion = 16.0.30114.105
MinimumVisualStudioVersion = 10.0.40219.1
Project("{FAE04EC0-301F-11D3-BF4B-00C04F79EFBC}") = "API", "API\API.csproj", "{066ABA43-0046-4C61-8D0A-CF6019D4AB3D}"
EndProject
Project("{FAE04EC0-301F-11D3-BF4B-00C04F79EFBC}") = "Application", "Application\Application.csproj", "{C690A85F-F678-4728-80B8-8918E94F5355}"
EndProject
Project("{FAE04EC0-301F-11D3-BF4B-00C04F79EFBC}") = "Persistence", "Persistence\Persistence.csproj", "{99DCF6DF-DCCC-405C-9B5A-D575A03A0BE5}"
EndProject
Project("{FAE04EC0-301F-11D3-BF4B-00C04F79EFBC}") = "Domain", "Domain\Domain.csproj", "{A203E78C-54EE-4123-8740-80E33DE2B155}"
EndProject
Global
	GlobalSection(SolutionConfigurationPlatforms) = preSolution
		Debug|Any CPU = Debug|Any CPU
		Release|Any CPU = Release|Any CPU
	EndGlobalSection
	GlobalSection(SolutionProperties) = preSolution
		HideSolutionNode = FALSE
	EndGlobalSection
	GlobalSection(ProjectConfigurationPlatforms) = postSolution
		{066ABA43-0046-4C61-8D0A-CF6019D4AB3D}.Debug|Any CPU.ActiveCfg = Debug|Any CPU
		{066ABA43-0046-4C61-8D0A-CF6019D4AB3D}.Debug|Any CPU.Build.0 = Debug|Any CPU
		{066ABA43-0046-4C61-8D0A-CF6019D4AB3D}.Release|Any CPU.ActiveCfg = Release|Any CPU
		{066ABA43-0046-4C61-8D0A-CF6019D4AB3D}.Release|Any CPU.Build.0 = Release|Any CPU
		{C690A85F-F678-4728-80B8-8918E94F5355}.Debug|Any CPU.ActiveCfg = Debug|Any CPU
		{C690A85F-F678-4728-80B8-8918E94F5355}.Debug|Any CPU.Build.0 = Debug|Any CPU
		{C690A85F-F678-4728-80B8-8918E94F5355}.Release|Any CPU.ActiveCfg = Release|Any CPU
		{C690A85F-F678-4728-80B8-8918E94F5355}.Release|Any CPU.Build.0 = Release|Any CPU
		{99DCF6DF-DCCC-405C-9B5A-D575A03A0BE5}.Debug|Any CPU.ActiveCfg = Debug|Any CPU
		{99DCF6DF-DCCC-405C-9B5A-D575A03A0BE5}.Debug|Any CPU.Build.0 = Debug|Any CPU
		{99DCF6DF-DCCC-405C-9B5A-D575A03A0BE5}.Release|Any CPU.ActiveCfg = Release|Any CPU
		{99DCF6DF-DCCC-405C-9B5A-D575A03A0BE5}.Release|Any CPU.Build.0 = Release|Any CPU
		{A203E78C-54EE-4123-8740-80E33DE2B155}.Debug|Any CPU.ActiveCfg = Debug|Any CPU
		{A203E78C-54EE-4123-8740-80E33DE2B155}.Debug|Any CPU.Build.0 = Debug|Any CPU
		{A203E78C-54EE-4123-8740-80E33DE2B155}.Release|Any CPU.ActiveCfg = Release|Any CPU
		{A203E78C-54EE-4123-8740-80E33DE2B155}.Release|Any CPU.Build.0 = Release|Any CPU
	EndGlobalSection
EndGlobal
